
Microsoft Visual Studio Solution File, Format Version 12.00
# Visual Studio Version 16
VisualStudioVersion = 16.0.31129.286
MinimumVisualStudioVersion = 10.0.40219.1
Project("{9A19103F-16F7-4668-BE54-9A1E7A4F7556}") = "GangyiWang", "GangyiWang\GangyiWang.csproj", "{327486B9-8C3D-4C95-A6F7-FFE6BF24EBA0}"
EndProject
Project("{2150E333-8FDC-42A3-9474-1A3956D46DE8}") = "TestImages", "TestImages", "{8C035D16-0AC1-4CF2-BDA0-256412CAA49B}"
	ProjectSection(SolutionItems) = preProject
		TestImages\rivets.png = TestImages\rivets.png
		TestImages\seats.jpg = TestImages\seats.jpg
		TestImages\simple.jpg = TestImages\simple.jpg
		TestImages\TassenTest.png = TestImages\TassenTest.png
	EndProjectSection
EndProject
Project("{9A19103F-16F7-4668-BE54-9A1E7A4F7556}") = "ImageThinning", "ImageThinning\ImageThinning.csproj", "{D1864151-CBE1-4F3A-8CD2-50BE191E85AF}"
EndProject
Global
	GlobalSection(SolutionConfigurationPlatforms) = preSolution
		Debug|Any CPU = Debug|Any CPU
		Release|Any CPU = Release|Any CPU
	EndGlobalSection
	GlobalSection(ProjectConfigurationPlatforms) = postSolution
		{327486B9-8C3D-4C95-A6F7-FFE6BF24EBA0}.Debug|Any CPU.ActiveCfg = Debug|Any CPU
		{327486B9-8C3D-4C95-A6F7-FFE6BF24EBA0}.Debug|Any CPU.Build.0 = Debug|Any CPU
		{327486B9-8C3D-4C95-A6F7-FFE6BF24EBA0}.Release|Any CPU.ActiveCfg = Release|Any CPU
		{327486B9-8C3D-4C95-A6F7-FFE6BF24EBA0}.Release|Any CPU.Build.0 = Release|Any CPU
		{D1864151-CBE1-4F3A-8CD2-50BE191E85AF}.Debug|Any CPU.ActiveCfg = Debug|Any CPU
		{D1864151-CBE1-4F3A-8CD2-50BE191E85AF}.Debug|Any CPU.Build.0 = Debug|Any CPU
		{D1864151-CBE1-4F3A-8CD2-50BE191E85AF}.Release|Any CPU.ActiveCfg = Release|Any CPU
		{D1864151-CBE1-4F3A-8CD2-50BE191E85AF}.Release|Any CPU.Build.0 = Release|Any CPU
	EndGlobalSection
	GlobalSection(SolutionProperties) = preSolution
		HideSolutionNode = FALSE
	EndGlobalSection
	GlobalSection(ExtensibilityGlobals) = postSolution
		SolutionGuid = {BE54146F-AC3E-491F-9A32-7C949632BEE5}
	EndGlobalSection
EndGlobal
